
Microsoft Visual Studio Solution File, Format Version 12.00
# Visual Studio Version 17
VisualStudioVersion = 17.4.33213.308
MinimumVisualStudioVersion = 10.0.40219.1
Project("{9A19103F-16F7-4668-BE54-9A1E7A4F7556}") = "Priut za jivotni", "Priut za jivotni\Priut za jivotni.csproj", "{83217648-4685-4B66-8793-B8FE2F63ADAD}"
EndProject
Project("{FAE04EC0-301F-11D3-BF4B-00C04F79EFBC}") = "AppTester", "AppTester\AppTester.csproj", "{1B1FA692-589E-480A-805E-B72958C37C94}"
EndProject
Global
	GlobalSection(SolutionConfigurationPlatforms) = preSolution
		Debug|Any CPU = Debug|Any CPU
		Release|Any CPU = Release|Any CPU
	EndGlobalSection
	GlobalSection(ProjectConfigurationPlatforms) = postSolution
		{83217648-4685-4B66-8793-B8FE2F63ADAD}.Debug|Any CPU.ActiveCfg = Debug|Any CPU
		{83217648-4685-4B66-8793-B8FE2F63ADAD}.Debug|Any CPU.Build.0 = Debug|Any CPU
		{83217648-4685-4B66-8793-B8FE2F63ADAD}.Release|Any CPU.ActiveCfg = Release|Any CPU
		{83217648-4685-4B66-8793-B8FE2F63ADAD}.Release|Any CPU.Build.0 = Release|Any CPU
		{1B1FA692-589E-480A-805E-B72958C37C94}.Debug|Any CPU.ActiveCfg = Debug|Any CPU
		{1B1FA692-589E-480A-805E-B72958C37C94}.Debug|Any CPU.Build.0 = Debug|Any CPU
		{1B1FA692-589E-480A-805E-B72958C37C94}.Release|Any CPU.ActiveCfg = Release|Any CPU
		{1B1FA692-589E-480A-805E-B72958C37C94}.Release|Any CPU.Build.0 = Release|Any CPU
	EndGlobalSection
	GlobalSection(SolutionProperties) = preSolution
		HideSolutionNode = FALSE
	EndGlobalSection
	GlobalSection(ExtensibilityGlobals) = postSolution
		SolutionGuid = {172BA8F1-40B0-4E53-8276-B16AC082D3F4}
	EndGlobalSection
EndGlobal
